
Microsoft Visual Studio Solution File, Format Version 12.00
# Visual Studio Version 17
VisualStudioVersion = 17.1.32210.238
MinimumVisualStudioVersion = 10.0.40219.1
Project("{FAE04EC0-301F-11D3-BF4B-00C04F79EFBC}") = "ExceptionsUsingTestCast", "ExceptionsUsingTestCast\ExceptionsUsingTestCast.csproj", "{D7E9E22E-6322-4B48-98E4-35783D33D57F}"
EndProject
Project("{FAE04EC0-301F-11D3-BF4B-00C04F79EFBC}") = "MoodAnalyserTest", "MoodAnalyserTest\MoodAnalyserTest.csproj", "{EF01FB18-80C2-4B3E-83E5-813108DB9148}"
EndProject
Global
	GlobalSection(SolutionConfigurationPlatforms) = preSolution
		Debug|Any CPU = Debug|Any CPU
		Release|Any CPU = Release|Any CPU
	EndGlobalSection
	GlobalSection(ProjectConfigurationPlatforms) = postSolution
		{D7E9E22E-6322-4B48-98E4-35783D33D57F}.Debug|Any CPU.ActiveCfg = Debug|Any CPU
		{D7E9E22E-6322-4B48-98E4-35783D33D57F}.Debug|Any CPU.Build.0 = Debug|Any CPU
		{D7E9E22E-6322-4B48-98E4-35783D33D57F}.Release|Any CPU.ActiveCfg = Release|Any CPU
		{D7E9E22E-6322-4B48-98E4-35783D33D57F}.Release|Any CPU.Build.0 = Release|Any CPU
		{EF01FB18-80C2-4B3E-83E5-813108DB9148}.Debug|Any CPU.ActiveCfg = Debug|Any CPU
		{EF01FB18-80C2-4B3E-83E5-813108DB9148}.Debug|Any CPU.Build.0 = Debug|Any CPU
		{EF01FB18-80C2-4B3E-83E5-813108DB9148}.Release|Any CPU.ActiveCfg = Release|Any CPU
		{EF01FB18-80C2-4B3E-83E5-813108DB9148}.Release|Any CPU.Build.0 = Release|Any CPU
	EndGlobalSection
	GlobalSection(SolutionProperties) = preSolution
		HideSolutionNode = FALSE
	EndGlobalSection
	GlobalSection(ExtensibilityGlobals) = postSolution
		SolutionGuid = {04B95E53-3B80-4B5E-AE09-220CEB7C8BBF}
	EndGlobalSection
EndGlobal
